{
  "version": 4,
  "terraform_version": "1.14.8",
  "serial": 58,
  "lineage": "eb4a3e43-710c-0edb-1846-6453b2ba066c",
  "outputs": {},
  "resources": [
    {
      "module": "module.deploy-kr-dhcp-options",
      "mode": "managed",
      "type": "aws_vpc_dhcp_options",
      "name": "kr_dhcp_options",
      "provider": "provider[\"registry.terraform.io/hashicorp/aws\"]",
      "instances": [
        {
          "index_key": 0,
          "schema_version": 0,
          "attributes": {
            "arn": "arn:aws:ec2:us-east-1:210620017481:dhcp-options/dopt-0462b89a1efa6ee4b",
            "domain_name": "ecnt.dev.carevo.krypton.internal",
            "domain_name_servers": [
              "AmazonProvidedDNS"
            ],
            "id": "dopt-0462b89a1efa6ee4b",
            "ipv6_address_preferred_lease_time": "",
            "netbios_name_servers": null,
            "netbios_node_type": "",
            "ntp_servers": null,
            "owner_id": "210620017481",
            "tags": {
              "CreatedOn": "2026-04-18 15:45:21 UTC",
              "Name": "kr-carevo-dev-vpc",
              "Provider": "aws"
            },
            "tags_all": {
              "CreatedOn": "2026-04-18 15:45:21 UTC",
              "Environment": "dev",
              "ManagedBy": "Terraform",
              "Name": "kr-carevo-dev-vpc",
              "Organization": "krypton",
              "Program": "carevo",
              "Provider": "aws",
              "email": "vinasundar.aws@gmail.com"
            }
          },
          "sensitive_attributes": [],
          "identity_schema_version": 0,
          "private": "bnVsbA=="
        }
      ]
    },
    {
      "module": "module.deploy-kr-dhcp-options",
      "mode": "managed",
      "type": "aws_vpc_dhcp_options_association",
      "name": "kr_dhcp_options_link",
      "provider": "provider[\"registry.terraform.io/hashicorp/aws\"]",
      "instances": [
        {
          "index_key": 0,
          "schema_version": 0,
          "attributes": {
            "dhcp_options_id": "dopt-0462b89a1efa6ee4b",
            "id": "dopt-0462b89a1efa6ee4b-vpc-028eba0d822f14500",
            "vpc_id": "vpc-028eba0d822f14500"
          },
          "sensitive_attributes": [],
          "identity_schema_version": 0,
          "private": "bnVsbA==",
          "dependencies": [
            "module.deploy-kr-dhcp-options.aws_vpc_dhcp_options.kr_dhcp_options",
            "module.deploy-kr-vpc.aws_vpc.kr_vpc",
            "module.deploy-kr-vpc.data.aws_vpcs.existing"
          ]
        }
      ]
    },
    {
      "module": "module.deploy-kr-internet-gateway",
      "mode": "managed",
      "type": "aws_internet_gateway",
      "name": "kr_igw",
      "provider": "provider[\"registry.terraform.io/hashicorp/aws\"]",
      "instances": [
        {
          "index_key": 0,
          "schema_version": 0,
          "attributes": {
            "arn": "arn:aws:ec2:us-east-1:210620017481:internet-gateway/igw-0507362b310d0f34f",
            "id": "igw-0507362b310d0f34f",
            "owner_id": "210620017481",
            "tags": {
              "Name": "kr-carevo-dev-internet-gateway"
            },
            "tags_all": {
              "Environment": "dev",
              "ManagedBy": "Terraform",
              "Name": "kr-carevo-dev-internet-gateway",
              "Organization": "krypton",
              "Program": "carevo",
              "email": "vinasundar.aws@gmail.com"
            },
            "timeouts": null,
            "vpc_id": "vpc-028eba0d822f14500"
          },
          "sensitive_attributes": [],
          "identity_schema_version": 0,
          "private": "eyJlMmJmYjczMC1lY2FhLTExZTYtOGY4OC0zNDM2M2JjN2M0YzAiOnsiY3JlYXRlIjoxMjAwMDAwMDAwMDAwLCJkZWxldGUiOjEyMDAwMDAwMDAwMDAsInVwZGF0ZSI6MTIwMDAwMDAwMDAwMH19",
          "dependencies": [
            "module.deploy-kr-vpc.aws_vpc.kr_vpc",
            "module.deploy-kr-vpc.data.aws_vpc.existing",
            "module.deploy-kr-vpc.data.aws_vpcs.existing"
          ]
        }
      ]
    },
    {
      "module": "module.deploy-kr-nat-gateway",
      "mode": "managed",
      "type": "aws_eip",
      "name": "nat",
      "provider": "provider[\"registry.terraform.io/hashicorp/aws\"]",
      "instances": [
        {
          "index_key": "us-east-1a",
          "schema_version": 0,
          "attributes": {
            "address": null,
            "allocation_id": "eipalloc-036095169b16f0397",
            "arn": "arn:aws:ec2:us-east-1:210620017481:elastic-ip/eipalloc-036095169b16f0397",
            "associate_with_private_ip": null,
            "association_id": "",
            "carrier_ip": "",
            "customer_owned_ip": "",
            "customer_owned_ipv4_pool": "",
            "domain": "vpc",
            "id": "eipalloc-036095169b16f0397",
            "instance": "",
            "ipam_pool_id": null,
            "network_border_group": "us-east-1",
            "network_interface": "",
            "private_dns": null,
            "private_ip": "",
            "ptr_record": "",
            "public_dns": "ec2-3-217-50-157.compute-1.amazonaws.com",
            "public_ip": "3.217.50.157",
            "public_ipv4_pool": "amazon",
            "tags": {
              "Environment": "dev",
              "ManagedBy": "terraform",
              "Name": "kr-carevo-dev-nat-gateway-eip",
              "Program": "carevo"
            },
            "tags_all": {
              "Environment": "dev",
              "ManagedBy": "terraform",
              "Name": "kr-carevo-dev-nat-gateway-eip",
              "Organization": "krypton",
              "Program": "carevo",
              "email": "vinasundar.aws@gmail.com"
            },
            "timeouts": null,
            "vpc": true
          },
          "sensitive_attributes": [],
          "identity_schema_version": 0,
          "private": "eyJlMmJmYjczMC1lY2FhLTExZTYtOGY4OC0zNDM2M2JjN2M0YzAiOnsiZGVsZXRlIjoxODAwMDAwMDAwMDAsInJlYWQiOjkwMDAwMDAwMDAwMCwidXBkYXRlIjozMDAwMDAwMDAwMDB9fQ==",
          "dependencies": [
            "module.deploy-kr-internet-gateway.aws_internet_gateway.kr_igw",
            "module.deploy-kr-subnets.aws_subnet.kr_subnet",
            "module.deploy-kr-subnets.data.aws_availability_zones.available",
            "module.deploy-kr-subnets.data.aws_subnet.created",
            "module.deploy-kr-vpc.aws_vpc.kr_vpc",
            "module.deploy-kr-vpc.data.aws_vpc.existing",
            "module.deploy-kr-vpc.data.aws_vpcs.existing"
          ]
        }
      ]
    },
    {
      "module": "module.deploy-kr-nat-gateway",
      "mode": "managed",
      "type": "aws_nat_gateway",
      "name": "kr_nat_gateway",
      "provider": "provider[\"registry.terraform.io/hashicorp/aws\"]",
      "instances": [
        {
          "index_key": "us-east-1a",
          "schema_version": 0,
          "attributes": {
            "allocation_id": "eipalloc-036095169b16f0397",
            "association_id": "eipassoc-09e37d05f7fcee442",
            "connectivity_type": "public",
            "id": "nat-0da40a2446d34600f",
            "network_interface_id": "eni-0f46398ec8bc4c06e",
            "private_ip": "10.10.1.10",
            "public_ip": "3.217.50.157",
            "secondary_allocation_ids": null,
            "secondary_private_ip_address_count": 0,
            "secondary_private_ip_addresses": [],
            "subnet_id": "subnet-033f694c553fa6e71",
            "tags": {
              "Environment": "dev",
              "ManagedBy": "terraform",
              "Name": "kr-carevo-dev-nat-gateway",
              "Program": "carevo"
            },
            "tags_all": {
              "Environment": "dev",
              "ManagedBy": "terraform",
              "Name": "kr-carevo-dev-nat-gateway",
              "Organization": "krypton",
              "Program": "carevo",
              "email": "vinasundar.aws@gmail.com"
            },
            "timeouts": null
          },
          "sensitive_attributes": [],
          "identity_schema_version": 0,
          "private": "eyJlMmJmYjczMC1lY2FhLTExZTYtOGY4OC0zNDM2M2JjN2M0YzAiOnsiY3JlYXRlIjo2MDAwMDAwMDAwMDAsImRlbGV0ZSI6MTgwMDAwMDAwMDAwMCwidXBkYXRlIjo2MDAwMDAwMDAwMDB9fQ==",
          "dependencies": [
            "module.deploy-kr-internet-gateway.aws_internet_gateway.kr_igw",
            "module.deploy-kr-nat-gateway.aws_eip.nat",
            "module.deploy-kr-subnets.aws_subnet.kr_subnet",
            "module.deploy-kr-subnets.data.aws_availability_zones.available",
            "module.deploy-kr-subnets.data.aws_subnet.created",
            "module.deploy-kr-vpc.aws_vpc.kr_vpc",
            "module.deploy-kr-vpc.data.aws_vpc.existing",
            "module.deploy-kr-vpc.data.aws_vpcs.existing"
          ]
        }
      ]
    },
    {
      "module": "module.deploy-kr-route-tables",
      "mode": "managed",
      "type": "aws_route",
      "name": "kr_rt_routes",
      "provider": "provider[\"registry.terraform.io/hashicorp/aws\"]",
      "instances": [
        {
          "index_key": "kr-carevo-dev-private-rt-0",
          "schema_version": 0,
          "attributes": {
            "carrier_gateway_id": "",
            "core_network_arn": "",
            "destination_cidr_block": "0.0.0.0/0",
            "destination_ipv6_cidr_block": "",
            "destination_prefix_list_id": "",
            "egress_only_gateway_id": "",
            "gateway_id": "",
            "id": "r-rtb-0aad6dd805c2dd4fe1080289494",
            "instance_id": "",
            "instance_owner_id": "",
            "local_gateway_id": "",
            "nat_gateway_id": "nat-0da40a2446d34600f",
            "network_interface_id": "",
            "origin": "CreateRoute",
            "route_table_id": "rtb-0aad6dd805c2dd4fe",
            "state": "active",
            "timeouts": null,
            "transit_gateway_id": "",
            "vpc_endpoint_id": "",
            "vpc_peering_connection_id": ""
          },
          "sensitive_attributes": [],
          "identity_schema_version": 0,
          "private": "eyJlMmJmYjczMC1lY2FhLTExZTYtOGY4OC0zNDM2M2JjN2M0YzAiOnsiY3JlYXRlIjozMDAwMDAwMDAwMDAsImRlbGV0ZSI6MzAwMDAwMDAwMDAwLCJ1cGRhdGUiOjEyMDAwMDAwMDAwMH19",
          "dependencies": [
            "module.deploy-kr-internet-gateway.aws_internet_gateway.kr_igw",
            "module.deploy-kr-nat-gateway.aws_eip.nat",
            "module.deploy-kr-nat-gateway.aws_nat_gateway.kr_nat_gateway",
            "module.deploy-kr-route-tables.aws_route_table.kr_route_table",
            "module.deploy-kr-subnets.aws_subnet.kr_subnet",
            "module.deploy-kr-subnets.data.aws_availability_zones.available",
            "module.deploy-kr-subnets.data.aws_subnet.created",
            "module.deploy-kr-vpc.aws_vpc.kr_vpc",
            "module.deploy-kr-vpc.data.aws_vpc.existing",
            "module.deploy-kr-vpc.data.aws_vpcs.existing"
          ]
        },
        {
          "index_key": "kr-carevo-dev-public-rt-0",
          "schema_version": 0,
          "attributes": {
            "carrier_gateway_id": "",
            "core_network_arn": "",
            "destination_cidr_block": "0.0.0.0/0",
            "destination_ipv6_cidr_block": "",
            "destination_prefix_list_id": "",
            "egress_only_gateway_id": "",
            "gateway_id": "igw-0507362b310d0f34f",
            "id": "r-rtb-0288cc926e0f3461f1080289494",
            "instance_id": "",
            "instance_owner_id": "",
            "local_gateway_id": "",
            "nat_gateway_id": "",
            "network_interface_id": "",
            "origin": "CreateRoute",
            "route_table_id": "rtb-0288cc926e0f3461f",
            "state": "active",
            "timeouts": null,
            "transit_gateway_id": "",
            "vpc_endpoint_id": "",
            "vpc_peering_connection_id": ""
          },
          "sensitive_attributes": [],
          "identity_schema_version": 0,
          "private": "eyJlMmJmYjczMC1lY2FhLTExZTYtOGY4OC0zNDM2M2JjN2M0YzAiOnsiY3JlYXRlIjozMDAwMDAwMDAwMDAsImRlbGV0ZSI6MzAwMDAwMDAwMDAwLCJ1cGRhdGUiOjEyMDAwMDAwMDAwMH19",
          "dependencies": [
            "module.deploy-kr-internet-gateway.aws_internet_gateway.kr_igw",
            "module.deploy-kr-nat-gateway.aws_eip.nat",
            "module.deploy-kr-nat-gateway.aws_nat_gateway.kr_nat_gateway",
            "module.deploy-kr-route-tables.aws_route_table.kr_route_table",
            "module.deploy-kr-subnets.aws_subnet.kr_subnet",
            "module.deploy-kr-subnets.data.aws_availability_zones.available",
            "module.deploy-kr-subnets.data.aws_subnet.created",
            "module.deploy-kr-vpc.aws_vpc.kr_vpc",
            "module.deploy-kr-vpc.data.aws_vpc.existing",
            "module.deploy-kr-vpc.data.aws_vpcs.existing"
          ]
        }
      ]
    },
    {
      "module": "module.deploy-kr-route-tables",
      "mode": "managed",
      "type": "aws_route_table",
      "name": "kr_route_table",
      "provider": "provider[\"registry.terraform.io/hashicorp/aws\"]",
      "instances": [
        {
          "index_key": "kr-carevo-dev-private-rt",
          "schema_version": 0,
          "attributes": {
            "arn": "arn:aws:ec2:us-east-1:210620017481:route-table/rtb-0aad6dd805c2dd4fe",
            "id": "rtb-0aad6dd805c2dd4fe",
            "owner_id": "210620017481",
            "propagating_vgws": [],
            "route": [],
            "tags": {
              "Environment": "dev",
              "ManagedBy": "terraform",
              "Name": "kr-carevo-dev-private-rt",
              "Organisation": "krypton",
              "Program": "carevo",
              "Type": "private"
            },
            "tags_all": {
              "Environment": "dev",
              "ManagedBy": "terraform",
              "Name": "kr-carevo-dev-private-rt",
              "Organisation": "krypton",
              "Organization": "krypton",
              "Program": "carevo",
              "Type": "private",
              "email": "vinasundar.aws@gmail.com"
            },
            "timeouts": null,
            "vpc_id": "vpc-028eba0d822f14500"
          },
          "sensitive_attributes": [],
          "identity_schema_version": 0,
          "private": "eyJlMmJmYjczMC1lY2FhLTExZTYtOGY4OC0zNDM2M2JjN2M0YzAiOnsiY3JlYXRlIjozMDAwMDAwMDAwMDAsImRlbGV0ZSI6MzAwMDAwMDAwMDAwLCJ1cGRhdGUiOjEyMDAwMDAwMDAwMH19",
          "dependencies": [
            "module.deploy-kr-internet-gateway.aws_internet_gateway.kr_igw",
            "module.deploy-kr-nat-gateway.aws_eip.nat",
            "module.deploy-kr-nat-gateway.aws_nat_gateway.kr_nat_gateway",
            "module.deploy-kr-subnets.aws_subnet.kr_subnet",
            "module.deploy-kr-subnets.data.aws_availability_zones.available",
            "module.deploy-kr-subnets.data.aws_subnet.created",
            "module.deploy-kr-vpc.aws_vpc.kr_vpc",
            "module.deploy-kr-vpc.data.aws_vpc.existing",
            "module.deploy-kr-vpc.data.aws_vpcs.existing"
          ]
        },
        {
          "index_key": "kr-carevo-dev-public-rt",
          "schema_version": 0,
          "attributes": {
            "arn": "arn:aws:ec2:us-east-1:210620017481:route-table/rtb-0288cc926e0f3461f",
            "id": "rtb-0288cc926e0f3461f",
            "owner_id": "210620017481",
            "propagating_vgws": [],
            "route": [],
            "tags": {
              "Environment": "dev",
              "ManagedBy": "terraform",
              "Name": "kr-carevo-dev-public-rt",
              "Organisation": "krypton",
              "Program": "carevo",
              "Type": "public"
            },
            "tags_all": {
              "Environment": "dev",
              "ManagedBy": "terraform",
              "Name": "kr-carevo-dev-public-rt",
              "Organisation": "krypton",
              "Organization": "krypton",
              "Program": "carevo",
              "Type": "public",
              "email": "vinasundar.aws@gmail.com"
            },
            "timeouts": null,
            "vpc_id": "vpc-028eba0d822f14500"
          },
          "sensitive_attributes": [],
          "identity_schema_version": 0,
          "private": "eyJlMmJmYjczMC1lY2FhLTExZTYtOGY4OC0zNDM2M2JjN2M0YzAiOnsiY3JlYXRlIjozMDAwMDAwMDAwMDAsImRlbGV0ZSI6MzAwMDAwMDAwMDAwLCJ1cGRhdGUiOjEyMDAwMDAwMDAwMH19",
          "dependencies": [
            "module.deploy-kr-internet-gateway.aws_internet_gateway.kr_igw",
            "module.deploy-kr-nat-gateway.aws_eip.nat",
            "module.deploy-kr-nat-gateway.aws_nat_gateway.kr_nat_gateway",
            "module.deploy-kr-subnets.aws_subnet.kr_subnet",
            "module.deploy-kr-subnets.data.aws_availability_zones.available",
            "module.deploy-kr-subnets.data.aws_subnet.created",
            "module.deploy-kr-vpc.aws_vpc.kr_vpc",
            "module.deploy-kr-vpc.data.aws_vpc.existing",
            "module.deploy-kr-vpc.data.aws_vpcs.existing"
          ]
        }
      ]
    },
    {
      "module": "module.deploy-kr-route-tables",
      "mode": "managed",
      "type": "aws_route_table_association",
      "name": "main",
      "provider": "provider[\"registry.terraform.io/hashicorp/aws\"]",
      "instances": [
        {
          "index_key": "kr-carevo-dev-private-rt-kr-carevo-dev-private-subnet-ict-us-east-1a",
          "schema_version": 0,
          "attributes": {
            "gateway_id": "",
            "id": "rtbassoc-00a4c5307461ac8d7",
            "route_table_id": "rtb-0aad6dd805c2dd4fe",
            "subnet_id": "subnet-09ad63de811d17200",
            "timeouts": null
          },
          "sensitive_attributes": [],
          "identity_schema_version": 0,
          "private": "eyJlMmJmYjczMC1lY2FhLTExZTYtOGY4OC0zNDM2M2JjN2M0YzAiOnsiY3JlYXRlIjozMDAwMDAwMDAwMDAsImRlbGV0ZSI6MzAwMDAwMDAwMDAwLCJ1cGRhdGUiOjEyMDAwMDAwMDAwMH19",
          "dependencies": [
            "module.deploy-kr-internet-gateway.aws_internet_gateway.kr_igw",
            "module.deploy-kr-nat-gateway.aws_eip.nat",
            "module.deploy-kr-nat-gateway.aws_nat_gateway.kr_nat_gateway",
            "module.deploy-kr-route-tables.aws_route_table.kr_route_table",
            "module.deploy-kr-subnets.aws_subnet.kr_subnet",
            "module.deploy-kr-subnets.data.aws_availability_zones.available",
            "module.deploy-kr-subnets.data.aws_subnet.created",
            "module.deploy-kr-vpc.aws_vpc.kr_vpc",
            "module.deploy-kr-vpc.data.aws_vpc.existing",
            "module.deploy-kr-vpc.data.aws_vpcs.existing"
          ]
        },
        {
          "index_key": "kr-carevo-dev-private-rt-kr-carevo-dev-private-subnet-ict-us-east-1b",
          "schema_version": 0,
          "attributes": {
            "gateway_id": "",
            "id": "rtbassoc-06614a17c0b87e1ee",
            "route_table_id": "rtb-0aad6dd805c2dd4fe",
            "subnet_id": "subnet-08550d4d7f74aab30",
            "timeouts": null
          },
          "sensitive_attributes": [],
          "identity_schema_version": 0,
          "private": "eyJlMmJmYjczMC1lY2FhLTExZTYtOGY4OC0zNDM2M2JjN2M0YzAiOnsiY3JlYXRlIjozMDAwMDAwMDAwMDAsImRlbGV0ZSI6MzAwMDAwMDAwMDAwLCJ1cGRhdGUiOjEyMDAwMDAwMDAwMH19",
          "dependencies": [
            "module.deploy-kr-internet-gateway.aws_internet_gateway.kr_igw",
            "module.deploy-kr-nat-gateway.aws_eip.nat",
            "module.deploy-kr-nat-gateway.aws_nat_gateway.kr_nat_gateway",
            "module.deploy-kr-route-tables.aws_route_table.kr_route_table",
            "module.deploy-kr-subnets.aws_subnet.kr_subnet",
            "module.deploy-kr-subnets.data.aws_availability_zones.available",
            "module.deploy-kr-subnets.data.aws_subnet.created",
            "module.deploy-kr-vpc.aws_vpc.kr_vpc",
            "module.deploy-kr-vpc.data.aws_vpc.existing",
            "module.deploy-kr-vpc.data.aws_vpcs.existing"
          ]
        },
        {
          "index_key": "kr-carevo-dev-private-rt-kr-carevo-dev-private-subnet-rst-us-east-1a",
          "schema_version": 0,
          "attributes": {
            "gateway_id": "",
            "id": "rtbassoc-0033039424cda9094",
            "route_table_id": "rtb-0aad6dd805c2dd4fe",
            "subnet_id": "subnet-014810c8acd3913cc",
            "timeouts": null
          },
          "sensitive_attributes": [],
          "identity_schema_version": 0,
          "private": "eyJlMmJmYjczMC1lY2FhLTExZTYtOGY4OC0zNDM2M2JjN2M0YzAiOnsiY3JlYXRlIjozMDAwMDAwMDAwMDAsImRlbGV0ZSI6MzAwMDAwMDAwMDAwLCJ1cGRhdGUiOjEyMDAwMDAwMDAwMH19",
          "dependencies": [
            "module.deploy-kr-internet-gateway.aws_internet_gateway.kr_igw",
            "module.deploy-kr-nat-gateway.aws_eip.nat",
            "module.deploy-kr-nat-gateway.aws_nat_gateway.kr_nat_gateway",
            "module.deploy-kr-route-tables.aws_route_table.kr_route_table",
            "module.deploy-kr-subnets.aws_subnet.kr_subnet",
            "module.deploy-kr-subnets.data.aws_availability_zones.available",
            "module.deploy-kr-subnets.data.aws_subnet.created",
            "module.deploy-kr-vpc.aws_vpc.kr_vpc",
            "module.deploy-kr-vpc.data.aws_vpc.existing",
            "module.deploy-kr-vpc.data.aws_vpcs.existing"
          ]
        },
        {
          "index_key": "kr-carevo-dev-private-rt-kr-carevo-dev-private-subnet-rst-us-east-1b",
          "schema_version": 0,
          "attributes": {
            "gateway_id": "",
            "id": "rtbassoc-00095ee09345b163e",
            "route_table_id": "rtb-0aad6dd805c2dd4fe",
            "subnet_id": "subnet-07efb5263894a15aa",
            "timeouts": null
          },
          "sensitive_attributes": [],
          "identity_schema_version": 0,
          "private": "eyJlMmJmYjczMC1lY2FhLTExZTYtOGY4OC0zNDM2M2JjN2M0YzAiOnsiY3JlYXRlIjozMDAwMDAwMDAwMDAsImRlbGV0ZSI6MzAwMDAwMDAwMDAwLCJ1cGRhdGUiOjEyMDAwMDAwMDAwMH19",
          "dependencies": [
            "module.deploy-kr-internet-gateway.aws_internet_gateway.kr_igw",
            "module.deploy-kr-nat-gateway.aws_eip.nat",
            "module.deploy-kr-nat-gateway.aws_nat_gateway.kr_nat_gateway",
            "module.deploy-kr-route-tables.aws_route_table.kr_route_table",
            "module.deploy-kr-subnets.aws_subnet.kr_subnet",
            "module.deploy-kr-subnets.data.aws_availability_zones.available",
            "module.deploy-kr-subnets.data.aws_subnet.created",
            "module.deploy-kr-vpc.aws_vpc.kr_vpc",
            "module.deploy-kr-vpc.data.aws_vpc.existing",
            "module.deploy-kr-vpc.data.aws_vpcs.existing"
          ]
        },
        {
          "index_key": "kr-carevo-dev-public-rt-kr-carevo-dev-public-subnet-ect-us-east-1a",
          "schema_version": 0,
          "attributes": {
            "gateway_id": "",
            "id": "rtbassoc-00a3e04e8800a26f5",
            "route_table_id": "rtb-0288cc926e0f3461f",
            "subnet_id": "subnet-033f694c553fa6e71",
            "timeouts": null
          },
          "sensitive_attributes": [],
          "identity_schema_version": 0,
          "private": "eyJlMmJmYjczMC1lY2FhLTExZTYtOGY4OC0zNDM2M2JjN2M0YzAiOnsiY3JlYXRlIjozMDAwMDAwMDAwMDAsImRlbGV0ZSI6MzAwMDAwMDAwMDAwLCJ1cGRhdGUiOjEyMDAwMDAwMDAwMH19",
          "dependencies": [
            "module.deploy-kr-internet-gateway.aws_internet_gateway.kr_igw",
            "module.deploy-kr-nat-gateway.aws_eip.nat",
            "module.deploy-kr-nat-gateway.aws_nat_gateway.kr_nat_gateway",
            "module.deploy-kr-route-tables.aws_route_table.kr_route_table",
            "module.deploy-kr-subnets.aws_subnet.kr_subnet",
            "module.deploy-kr-subnets.data.aws_availability_zones.available",
            "module.deploy-kr-subnets.data.aws_subnet.created",
            "module.deploy-kr-vpc.aws_vpc.kr_vpc",
            "module.deploy-kr-vpc.data.aws_vpc.existing",
            "module.deploy-kr-vpc.data.aws_vpcs.existing"
          ]
        },
        {
          "index_key": "kr-carevo-dev-public-rt-kr-carevo-dev-public-subnet-ect-us-east-1b",
          "schema_version": 0,
          "attributes": {
            "gateway_id": "",
            "id": "rtbassoc-03a8d412d1b4e3fad",
            "route_table_id": "rtb-0288cc926e0f3461f",
            "subnet_id": "subnet-0d8cb09bef1e1ab6b",
            "timeouts": null
          },
          "sensitive_attributes": [],
          "identity_schema_version": 0,
          "private": "eyJlMmJmYjczMC1lY2FhLTExZTYtOGY4OC0zNDM2M2JjN2M0YzAiOnsiY3JlYXRlIjozMDAwMDAwMDAwMDAsImRlbGV0ZSI6MzAwMDAwMDAwMDAwLCJ1cGRhdGUiOjEyMDAwMDAwMDAwMH19",
          "dependencies": [
            "module.deploy-kr-internet-gateway.aws_internet_gateway.kr_igw",
            "module.deploy-kr-nat-gateway.aws_eip.nat",
            "module.deploy-kr-nat-gateway.aws_nat_gateway.kr_nat_gateway",
            "module.deploy-kr-route-tables.aws_route_table.kr_route_table",
            "module.deploy-kr-subnets.aws_subnet.kr_subnet",
            "module.deploy-kr-subnets.data.aws_availability_zones.available",
            "module.deploy-kr-subnets.data.aws_subnet.created",
            "module.deploy-kr-vpc.aws_vpc.kr_vpc",
            "module.deploy-kr-vpc.data.aws_vpc.existing",
            "module.deploy-kr-vpc.data.aws_vpcs.existing"
          ]
        }
      ]
    },
    {
      "module": "module.deploy-kr-subnets",
      "mode": "data",
      "type": "aws_availability_zones",
      "name": "available",
      "provider": "provider[\"registry.terraform.io/hashicorp/aws\"]",
      "instances": [
        {
          "schema_version": 0,
          "attributes": {
            "all_availability_zones": null,
            "exclude_names": null,
            "exclude_zone_ids": null,
            "filter": null,
            "group_names": [
              "us-east-1-zg-1"
            ],
            "id": "us-east-1",
            "names": [
              "us-east-1a",
              "us-east-1b",
              "us-east-1c",
              "us-east-1d",
              "us-east-1e",
              "us-east-1f"
            ],
            "state": "available",
            "timeouts": null,
            "zone_ids": [
              "use1-az6",
              "use1-az1",
              "use1-az2",
              "use1-az4",
              "use1-az3",
              "use1-az5"
            ]
          },
          "sensitive_attributes": [],
          "identity_schema_version": 0
        }
      ]
    },
    {
      "module": "module.deploy-kr-subnets",
      "mode": "data",
      "type": "aws_subnet",
      "name": "created",
      "provider": "provider[\"registry.terraform.io/hashicorp/aws\"]",
      "instances": [
        {
          "index_key": "kr-carevo-dev-private-subnet-ict-us-east-1a",
          "schema_version": 0,
          "attributes": {
            "arn": "arn:aws:ec2:us-east-1:210620017481:subnet/subnet-09ad63de811d17200",
            "assign_ipv6_address_on_creation": false,
            "availability_zone": "us-east-1a",
            "availability_zone_id": "use1-az6",
            "available_ip_address_count": 123,
            "cidr_block": "10.10.3.0/25",
            "customer_owned_ipv4_pool": "",
            "default_for_az": false,
            "enable_dns64": false,
            "enable_lni_at_device_index": 0,
            "enable_resource_name_dns_a_record_on_launch": false,
            "enable_resource_name_dns_aaaa_record_on_launch": false,
            "filter": null,
            "id": "subnet-09ad63de811d17200",
            "ipv6_cidr_block": "",
            "ipv6_cidr_block_association_id": "",
            "ipv6_native": false,
            "map_customer_owned_ip_on_launch": false,
            "map_public_ip_on_launch": false,
            "outpost_arn": "",
            "owner_id": "210620017481",
            "private_dns_hostname_type_on_launch": "ip-name",
            "state": "available",
            "tags": {
              "AZ": "us-east-1a",
              "Environment": "dev",
              "Index": "0",
              "ManagedBy": "Terraform",
              "Name": "kr-carevo-dev-private-subnet-ict",
              "Organization": "krypton",
              "Program": "carevo",
              "Type": "private",
              "VPC": "kr-carevo-dev-vpc",
              "email": "vinasundar.aws@gmail.com"
            },
            "timeouts": null,
            "vpc_id": "vpc-028eba0d822f14500"
          },
          "sensitive_attributes": [],
          "identity_schema_version": 0
        },
        {
          "index_key": "kr-carevo-dev-private-subnet-ict-us-east-1b",
          "schema_version": 0,
          "attributes": {
            "arn": "arn:aws:ec2:us-east-1:210620017481:subnet/subnet-08550d4d7f74aab30",
            "assign_ipv6_address_on_creation": false,
            "availability_zone": "us-east-1b",
            "availability_zone_id": "use1-az1",
            "available_ip_address_count": 123,
            "cidr_block": "10.10.3.128/25",
            "customer_owned_ipv4_pool": "",
            "default_for_az": false,
            "enable_dns64": false,
            "enable_lni_at_device_index": 0,
            "enable_resource_name_dns_a_record_on_launch": false,
            "enable_resource_name_dns_aaaa_record_on_launch": false,
            "filter": null,
            "id": "subnet-08550d4d7f74aab30",
            "ipv6_cidr_block": "",
            "ipv6_cidr_block_association_id": "",
            "ipv6_native": false,
            "map_customer_owned_ip_on_launch": false,
            "map_public_ip_on_launch": false,
            "outpost_arn": "",
            "owner_id": "210620017481",
            "private_dns_hostname_type_on_launch": "ip-name",
            "state": "available",
            "tags": {
              "AZ": "us-east-1b",
              "Environment": "dev",
              "Index": "1",
              "ManagedBy": "Terraform",
              "Name": "kr-carevo-dev-private-subnet-ict",
              "Organization": "krypton",
              "Program": "carevo",
              "Type": "private",
              "VPC": "kr-carevo-dev-vpc",
              "email": "vinasundar.aws@gmail.com"
            },
            "timeouts": null,
            "vpc_id": "vpc-028eba0d822f14500"
          },
          "sensitive_attributes": [],
          "identity_schema_version": 0
        },
        {
          "index_key": "kr-carevo-dev-private-subnet-rst-us-east-1a",
          "schema_version": 0,
          "attributes": {
            "arn": "arn:aws:ec2:us-east-1:210620017481:subnet/subnet-014810c8acd3913cc",
            "assign_ipv6_address_on_creation": false,
            "availability_zone": "us-east-1a",
            "availability_zone_id": "use1-az6",
            "available_ip_address_count": 123,
            "cidr_block": "10.10.2.0/25",
            "customer_owned_ipv4_pool": "",
            "default_for_az": false,
            "enable_dns64": false,
            "enable_lni_at_device_index": 0,
            "enable_resource_name_dns_a_record_on_launch": false,
            "enable_resource_name_dns_aaaa_record_on_launch": false,
            "filter": null,
            "id": "subnet-014810c8acd3913cc",
            "ipv6_cidr_block": "",
            "ipv6_cidr_block_association_id": "",
            "ipv6_native": false,
            "map_customer_owned_ip_on_launch": false,
            "map_public_ip_on_launch": false,
            "outpost_arn": "",
            "owner_id": "210620017481",
            "private_dns_hostname_type_on_launch": "ip-name",
            "state": "available",
            "tags": {
              "AZ": "us-east-1a",
              "Environment": "dev",
              "Index": "0",
              "ManagedBy": "Terraform",
              "Name": "kr-carevo-dev-private-subnet-rst",
              "Organization": "krypton",
              "Program": "carevo",
              "Type": "private",
              "VPC": "kr-carevo-dev-vpc",
              "email": "vinasundar.aws@gmail.com"
            },
            "timeouts": null,
            "vpc_id": "vpc-028eba0d822f14500"
          },
          "sensitive_attributes": [],
          "identity_schema_version": 0
        },
        {
          "index_key": "kr-carevo-dev-private-subnet-rst-us-east-1b",
          "schema_version": 0,
          "attributes": {
            "arn": "arn:aws:ec2:us-east-1:210620017481:subnet/subnet-07efb5263894a15aa",
            "assign_ipv6_address_on_creation": false,
            "availability_zone": "us-east-1b",
            "availability_zone_id": "use1-az1",
            "available_ip_address_count": 123,
            "cidr_block": "10.10.2.128/25",
            "customer_owned_ipv4_pool": "",
            "default_for_az": false,
            "enable_dns64": false,
            "enable_lni_at_device_index": 0,
            "enable_resource_name_dns_a_record_on_launch": false,
            "enable_resource_name_dns_aaaa_record_on_launch": false,
            "filter": null,
            "id": "subnet-07efb5263894a15aa",
            "ipv6_cidr_block": "",
            "ipv6_cidr_block_association_id": "",
            "ipv6_native": false,
            "map_customer_owned_ip_on_launch": false,
            "map_public_ip_on_launch": false,
            "outpost_arn": "",
            "owner_id": "210620017481",
            "private_dns_hostname_type_on_launch": "ip-name",
            "state": "available",
            "tags": {
              "AZ": "us-east-1b",
              "Environment": "dev",
              "Index": "1",
              "ManagedBy": "Terraform",
              "Name": "kr-carevo-dev-private-subnet-rst",
              "Organization": "krypton",
              "Program": "carevo",
              "Type": "private",
              "VPC": "kr-carevo-dev-vpc",
              "email": "vinasundar.aws@gmail.com"
            },
            "timeouts": null,
            "vpc_id": "vpc-028eba0d822f14500"
          },
          "sensitive_attributes": [],
          "identity_schema_version": 0
        },
        {
          "index_key": "kr-carevo-dev-public-subnet-ect-us-east-1a",
          "schema_version": 0,
          "attributes": {
            "arn": "arn:aws:ec2:us-east-1:210620017481:subnet/subnet-033f694c553fa6e71",
            "assign_ipv6_address_on_creation": false,
            "availability_zone": "us-east-1a",
            "availability_zone_id": "use1-az6",
            "available_ip_address_count": 123,
            "cidr_block": "10.10.1.0/25",
            "customer_owned_ipv4_pool": "",
            "default_for_az": false,
            "enable_dns64": false,
            "enable_lni_at_device_index": 0,
            "enable_resource_name_dns_a_record_on_launch": false,
            "enable_resource_name_dns_aaaa_record_on_launch": false,
            "filter": null,
            "id": "subnet-033f694c553fa6e71",
            "ipv6_cidr_block": "",
            "ipv6_cidr_block_association_id": "",
            "ipv6_native": false,
            "map_customer_owned_ip_on_launch": false,
            "map_public_ip_on_launch": true,
            "outpost_arn": "",
            "owner_id": "210620017481",
            "private_dns_hostname_type_on_launch": "ip-name",
            "state": "available",
            "tags": {
              "AZ": "us-east-1a",
              "Environment": "dev",
              "Index": "0",
              "ManagedBy": "Terraform",
              "Name": "kr-carevo-dev-public-subnet-ect",
              "Organization": "krypton",
              "Program": "carevo",
              "Type": "public",
              "VPC": "kr-carevo-dev-vpc",
              "email": "vinasundar.aws@gmail.com"
            },
            "timeouts": null,
            "vpc_id": "vpc-028eba0d822f14500"
          },
          "sensitive_attributes": [],
          "identity_schema_version": 0
        },
        {
          "index_key": "kr-carevo-dev-public-subnet-ect-us-east-1b",
          "schema_version": 0,
          "attributes": {
            "arn": "arn:aws:ec2:us-east-1:210620017481:subnet/subnet-0d8cb09bef1e1ab6b",
            "assign_ipv6_address_on_creation": false,
            "availability_zone": "us-east-1b",
            "availability_zone_id": "use1-az1",
            "available_ip_address_count": 123,
            "cidr_block": "10.10.1.128/25",
            "customer_owned_ipv4_pool": "",
            "default_for_az": false,
            "enable_dns64": false,
            "enable_lni_at_device_index": 0,
            "enable_resource_name_dns_a_record_on_launch": false,
            "enable_resource_name_dns_aaaa_record_on_launch": false,
            "filter": null,
            "id": "subnet-0d8cb09bef1e1ab6b",
            "ipv6_cidr_block": "",
            "ipv6_cidr_block_association_id": "",
            "ipv6_native": false,
            "map_customer_owned_ip_on_launch": false,
            "map_public_ip_on_launch": true,
            "outpost_arn": "",
            "owner_id": "210620017481",
            "private_dns_hostname_type_on_launch": "ip-name",
            "state": "available",
            "tags": {
              "AZ": "us-east-1b",
              "Environment": "dev",
              "Index": "1",
              "ManagedBy": "Terraform",
              "Name": "kr-carevo-dev-public-subnet-ect",
              "Organization": "krypton",
              "Program": "carevo",
              "Type": "public",
              "VPC": "kr-carevo-dev-vpc",
              "email": "vinasundar.aws@gmail.com"
            },
            "timeouts": null,
            "vpc_id": "vpc-028eba0d822f14500"
          },
          "sensitive_attributes": [],
          "identity_schema_version": 0
        }
      ]
    },
    {
      "module": "module.deploy-kr-subnets",
      "mode": "managed",
      "type": "aws_subnet",
      "name": "kr_subnet",
      "provider": "provider[\"registry.terraform.io/hashicorp/aws\"]",
      "instances": [
        {
          "index_key": "kr-carevo-dev-private-subnet-ict-us-east-1a",
          "schema_version": 1,
          "attributes": {
            "arn": "arn:aws:ec2:us-east-1:210620017481:subnet/subnet-09ad63de811d17200",
            "assign_ipv6_address_on_creation": false,
            "availability_zone": "us-east-1a",
            "availability_zone_id": "use1-az6",
            "cidr_block": "10.10.3.0/25",
            "customer_owned_ipv4_pool": "",
            "enable_dns64": false,
            "enable_lni_at_device_index": 0,
            "enable_resource_name_dns_a_record_on_launch": false,
            "enable_resource_name_dns_aaaa_record_on_launch": false,
            "id": "subnet-09ad63de811d17200",
            "ipv6_cidr_block": "",
            "ipv6_cidr_block_association_id": "",
            "ipv6_native": false,
            "map_customer_owned_ip_on_launch": false,
            "map_public_ip_on_launch": false,
            "outpost_arn": "",
            "owner_id": "210620017481",
            "private_dns_hostname_type_on_launch": "ip-name",
            "tags": {
              "AZ": "us-east-1a",
              "Environment": "dev",
              "Index": "0",
              "Name": "kr-carevo-dev-private-subnet-ict",
              "Organization": "krypton",
              "Program": "carevo",
              "Type": "private",
              "VPC": "kr-carevo-dev-vpc"
            },
            "tags_all": {
              "AZ": "us-east-1a",
              "Environment": "dev",
              "Index": "0",
              "ManagedBy": "Terraform",
              "Name": "kr-carevo-dev-private-subnet-ict",
              "Organization": "krypton",
              "Program": "carevo",
              "Type": "private",
              "VPC": "kr-carevo-dev-vpc",
              "email": "vinasundar.aws@gmail.com"
            },
            "timeouts": null,
            "vpc_id": "vpc-028eba0d822f14500"
          },
          "sensitive_attributes": [],
          "identity_schema_version": 0,
          "private": "eyJlMmJmYjczMC1lY2FhLTExZTYtOGY4OC0zNDM2M2JjN2M0YzAiOnsiY3JlYXRlIjo2MDAwMDAwMDAwMDAsImRlbGV0ZSI6MTIwMDAwMDAwMDAwMH0sInNjaGVtYV92ZXJzaW9uIjoiMSJ9",
          "dependencies": [
            "module.deploy-kr-vpc.aws_vpc.kr_vpc",
            "module.deploy-kr-vpc.data.aws_vpc.existing",
            "module.deploy-kr-vpc.data.aws_vpcs.existing"
          ]
        },
        {
          "index_key": "kr-carevo-dev-private-subnet-ict-us-east-1b",
          "schema_version": 1,
          "attributes": {
            "arn": "arn:aws:ec2:us-east-1:210620017481:subnet/subnet-08550d4d7f74aab30",
            "assign_ipv6_address_on_creation": false,
            "availability_zone": "us-east-1b",
            "availability_zone_id": "use1-az1",
            "cidr_block": "10.10.3.128/25",
            "customer_owned_ipv4_pool": "",
            "enable_dns64": false,
            "enable_lni_at_device_index": 0,
            "enable_resource_name_dns_a_record_on_launch": false,
            "enable_resource_name_dns_aaaa_record_on_launch": false,
            "id": "subnet-08550d4d7f74aab30",
            "ipv6_cidr_block": "",
            "ipv6_cidr_block_association_id": "",
            "ipv6_native": false,
            "map_customer_owned_ip_on_launch": false,
            "map_public_ip_on_launch": false,
            "outpost_arn": "",
            "owner_id": "210620017481",
            "private_dns_hostname_type_on_launch": "ip-name",
            "tags": {
              "AZ": "us-east-1b",
              "Environment": "dev",
              "Index": "1",
              "Name": "kr-carevo-dev-private-subnet-ict",
              "Organization": "krypton",
              "Program": "carevo",
              "Type": "private",
              "VPC": "kr-carevo-dev-vpc"
            },
            "tags_all": {
              "AZ": "us-east-1b",
              "Environment": "dev",
              "Index": "1",
              "ManagedBy": "Terraform",
              "Name": "kr-carevo-dev-private-subnet-ict",
              "Organization": "krypton",
              "Program": "carevo",
              "Type": "private",
              "VPC": "kr-carevo-dev-vpc",
              "email": "vinasundar.aws@gmail.com"
            },
            "timeouts": null,
            "vpc_id": "vpc-028eba0d822f14500"
          },
          "sensitive_attributes": [],
          "identity_schema_version": 0,
          "private": "eyJlMmJmYjczMC1lY2FhLTExZTYtOGY4OC0zNDM2M2JjN2M0YzAiOnsiY3JlYXRlIjo2MDAwMDAwMDAwMDAsImRlbGV0ZSI6MTIwMDAwMDAwMDAwMH0sInNjaGVtYV92ZXJzaW9uIjoiMSJ9",
          "dependencies": [
            "module.deploy-kr-vpc.aws_vpc.kr_vpc",
            "module.deploy-kr-vpc.data.aws_vpc.existing",
            "module.deploy-kr-vpc.data.aws_vpcs.existing"
          ]
        },
        {
          "index_key": "kr-carevo-dev-private-subnet-rst-us-east-1a",
          "schema_version": 1,
          "attributes": {
            "arn": "arn:aws:ec2:us-east-1:210620017481:subnet/subnet-014810c8acd3913cc",
            "assign_ipv6_address_on_creation": false,
            "availability_zone": "us-east-1a",
            "availability_zone_id": "use1-az6",
            "cidr_block": "10.10.2.0/25",
            "customer_owned_ipv4_pool": "",
            "enable_dns64": false,
            "enable_lni_at_device_index": 0,
            "enable_resource_name_dns_a_record_on_launch": false,
            "enable_resource_name_dns_aaaa_record_on_launch": false,
            "id": "subnet-014810c8acd3913cc",
            "ipv6_cidr_block": "",
            "ipv6_cidr_block_association_id": "",
            "ipv6_native": false,
            "map_customer_owned_ip_on_launch": false,
            "map_public_ip_on_launch": false,
            "outpost_arn": "",
            "owner_id": "210620017481",
            "private_dns_hostname_type_on_launch": "ip-name",
            "tags": {
              "AZ": "us-east-1a",
              "Environment": "dev",
              "Index": "0",
              "Name": "kr-carevo-dev-private-subnet-rst",
              "Organization": "krypton",
              "Program": "carevo",
              "Type": "private",
              "VPC": "kr-carevo-dev-vpc"
            },
            "tags_all": {
              "AZ": "us-east-1a",
              "Environment": "dev",
              "Index": "0",
              "ManagedBy": "Terraform",
              "Name": "kr-carevo-dev-private-subnet-rst",
              "Organization": "krypton",
              "Program": "carevo",
              "Type": "private",
              "VPC": "kr-carevo-dev-vpc",
              "email": "vinasundar.aws@gmail.com"
            },
            "timeouts": null,
            "vpc_id": "vpc-028eba0d822f14500"
          },
          "sensitive_attributes": [],
          "identity_schema_version": 0,
          "private": "eyJlMmJmYjczMC1lY2FhLTExZTYtOGY4OC0zNDM2M2JjN2M0YzAiOnsiY3JlYXRlIjo2MDAwMDAwMDAwMDAsImRlbGV0ZSI6MTIwMDAwMDAwMDAwMH0sInNjaGVtYV92ZXJzaW9uIjoiMSJ9",
          "dependencies": [
            "module.deploy-kr-vpc.aws_vpc.kr_vpc",
            "module.deploy-kr-vpc.data.aws_vpc.existing",
            "module.deploy-kr-vpc.data.aws_vpcs.existing"
          ]
        },
        {
          "index_key": "kr-carevo-dev-private-subnet-rst-us-east-1b",
          "schema_version": 1,
          "attributes": {
            "arn": "arn:aws:ec2:us-east-1:210620017481:subnet/subnet-07efb5263894a15aa",
            "assign_ipv6_address_on_creation": false,
            "availability_zone": "us-east-1b",
            "availability_zone_id": "use1-az1",
            "cidr_block": "10.10.2.128/25",
            "customer_owned_ipv4_pool": "",
            "enable_dns64": false,
            "enable_lni_at_device_index": 0,
            "enable_resource_name_dns_a_record_on_launch": false,
            "enable_resource_name_dns_aaaa_record_on_launch": false,
            "id": "subnet-07efb5263894a15aa",
            "ipv6_cidr_block": "",
            "ipv6_cidr_block_association_id": "",
            "ipv6_native": false,
            "map_customer_owned_ip_on_launch": false,
            "map_public_ip_on_launch": false,
            "outpost_arn": "",
            "owner_id": "210620017481",
            "private_dns_hostname_type_on_launch": "ip-name",
            "tags": {
              "AZ": "us-east-1b",
              "Environment": "dev",
              "Index": "1",
              "Name": "kr-carevo-dev-private-subnet-rst",
              "Organization": "krypton",
              "Program": "carevo",
              "Type": "private",
              "VPC": "kr-carevo-dev-vpc"
            },
            "tags_all": {
              "AZ": "us-east-1b",
              "Environment": "dev",
              "Index": "1",
              "ManagedBy": "Terraform",
              "Name": "kr-carevo-dev-private-subnet-rst",
              "Organization": "krypton",
              "Program": "carevo",
              "Type": "private",
              "VPC": "kr-carevo-dev-vpc",
              "email": "vinasundar.aws@gmail.com"
            },
            "timeouts": null,
            "vpc_id": "vpc-028eba0d822f14500"
          },
          "sensitive_attributes": [],
          "identity_schema_version": 0,
          "private": "eyJlMmJmYjczMC1lY2FhLTExZTYtOGY4OC0zNDM2M2JjN2M0YzAiOnsiY3JlYXRlIjo2MDAwMDAwMDAwMDAsImRlbGV0ZSI6MTIwMDAwMDAwMDAwMH0sInNjaGVtYV92ZXJzaW9uIjoiMSJ9",
          "dependencies": [
            "module.deploy-kr-vpc.aws_vpc.kr_vpc",
            "module.deploy-kr-vpc.data.aws_vpc.existing",
            "module.deploy-kr-vpc.data.aws_vpcs.existing"
          ]
        },
        {
          "index_key": "kr-carevo-dev-public-subnet-ect-us-east-1a",
          "schema_version": 1,
          "attributes": {
            "arn": "arn:aws:ec2:us-east-1:210620017481:subnet/subnet-033f694c553fa6e71",
            "assign_ipv6_address_on_creation": false,
            "availability_zone": "us-east-1a",
            "availability_zone_id": "use1-az6",
            "cidr_block": "10.10.1.0/25",
            "customer_owned_ipv4_pool": "",
            "enable_dns64": false,
            "enable_lni_at_device_index": 0,
            "enable_resource_name_dns_a_record_on_launch": false,
            "enable_resource_name_dns_aaaa_record_on_launch": false,
            "id": "subnet-033f694c553fa6e71",
            "ipv6_cidr_block": "",
            "ipv6_cidr_block_association_id": "",
            "ipv6_native": false,
            "map_customer_owned_ip_on_launch": false,
            "map_public_ip_on_launch": true,
            "outpost_arn": "",
            "owner_id": "210620017481",
            "private_dns_hostname_type_on_launch": "ip-name",
            "tags": {
              "AZ": "us-east-1a",
              "Environment": "dev",
              "Index": "0",
              "Name": "kr-carevo-dev-public-subnet-ect",
              "Organization": "krypton",
              "Program": "carevo",
              "Type": "public",
              "VPC": "kr-carevo-dev-vpc"
            },
            "tags_all": {
              "AZ": "us-east-1a",
              "Environment": "dev",
              "Index": "0",
              "ManagedBy": "Terraform",
              "Name": "kr-carevo-dev-public-subnet-ect",
              "Organization": "krypton",
              "Program": "carevo",
              "Type": "public",
              "VPC": "kr-carevo-dev-vpc",
              "email": "vinasundar.aws@gmail.com"
            },
            "timeouts": null,
            "vpc_id": "vpc-028eba0d822f14500"
          },
          "sensitive_attributes": [],
          "identity_schema_version": 0,
          "private": "eyJlMmJmYjczMC1lY2FhLTExZTYtOGY4OC0zNDM2M2JjN2M0YzAiOnsiY3JlYXRlIjo2MDAwMDAwMDAwMDAsImRlbGV0ZSI6MTIwMDAwMDAwMDAwMH0sInNjaGVtYV92ZXJzaW9uIjoiMSJ9",
          "dependencies": [
            "module.deploy-kr-vpc.aws_vpc.kr_vpc",
            "module.deploy-kr-vpc.data.aws_vpc.existing",
            "module.deploy-kr-vpc.data.aws_vpcs.existing"
          ]
        },
        {
          "index_key": "kr-carevo-dev-public-subnet-ect-us-east-1b",
          "schema_version": 1,
          "attributes": {
            "arn": "arn:aws:ec2:us-east-1:210620017481:subnet/subnet-0d8cb09bef1e1ab6b",
            "assign_ipv6_address_on_creation": false,
            "availability_zone": "us-east-1b",
            "availability_zone_id": "use1-az1",
            "cidr_block": "10.10.1.128/25",
            "customer_owned_ipv4_pool": "",
            "enable_dns64": false,
            "enable_lni_at_device_index": 0,
            "enable_resource_name_dns_a_record_on_launch": false,
            "enable_resource_name_dns_aaaa_record_on_launch": false,
            "id": "subnet-0d8cb09bef1e1ab6b",
            "ipv6_cidr_block": "",
            "ipv6_cidr_block_association_id": "",
            "ipv6_native": false,
            "map_customer_owned_ip_on_launch": false,
            "map_public_ip_on_launch": true,
            "outpost_arn": "",
            "owner_id": "210620017481",
            "private_dns_hostname_type_on_launch": "ip-name",
            "tags": {
              "AZ": "us-east-1b",
              "Environment": "dev",
              "Index": "1",
              "Name": "kr-carevo-dev-public-subnet-ect",
              "Organization": "krypton",
              "Program": "carevo",
              "Type": "public",
              "VPC": "kr-carevo-dev-vpc"
            },
            "tags_all": {
              "AZ": "us-east-1b",
              "Environment": "dev",
              "Index": "1",
              "ManagedBy": "Terraform",
              "Name": "kr-carevo-dev-public-subnet-ect",
              "Organization": "krypton",
              "Program": "carevo",
              "Type": "public",
              "VPC": "kr-carevo-dev-vpc",
              "email": "vinasundar.aws@gmail.com"
            },
            "timeouts": null,
            "vpc_id": "vpc-028eba0d822f14500"
          },
          "sensitive_attributes": [],
          "identity_schema_version": 0,
          "private": "eyJlMmJmYjczMC1lY2FhLTExZTYtOGY4OC0zNDM2M2JjN2M0YzAiOnsiY3JlYXRlIjo2MDAwMDAwMDAwMDAsImRlbGV0ZSI6MTIwMDAwMDAwMDAwMH0sInNjaGVtYV92ZXJzaW9uIjoiMSJ9",
          "dependencies": [
            "module.deploy-kr-vpc.aws_vpc.kr_vpc",
            "module.deploy-kr-vpc.data.aws_vpc.existing",
            "module.deploy-kr-vpc.data.aws_vpcs.existing"
          ]
        }
      ]
    },
    {
      "module": "module.deploy-kr-vpc",
      "mode": "data",
      "type": "aws_vpcs",
      "name": "existing",
      "provider": "provider[\"registry.terraform.io/hashicorp/aws\"]",
      "instances": [
        {
          "schema_version": 0,
          "attributes": {
            "filter": [
              {
                "name": "tag:Name",
                "values": [
                  "kr-carevo-dev-vpc"
                ]
              }
            ],
            "id": "us-east-1",
            "ids": [],
            "tags": null,
            "timeouts": null
          },
          "sensitive_attributes": [],
          "identity_schema_version": 0
        }
      ]
    },
    {
      "module": "module.deploy-kr-vpc",
      "mode": "managed",
      "type": "aws_vpc",
      "name": "kr_vpc",
      "provider": "provider[\"registry.terraform.io/hashicorp/aws\"]",
      "instances": [
        {
          "index_key": 0,
          "schema_version": 1,
          "attributes": {
            "arn": "arn:aws:ec2:us-east-1:210620017481:vpc/vpc-028eba0d822f14500",
            "assign_generated_ipv6_cidr_block": false,
            "cidr_block": "10.10.0.0/16",
            "default_network_acl_id": "acl-08a151b1f1432e747",
            "default_route_table_id": "rtb-0ab22c15b16fca349",
            "default_security_group_id": "sg-033c70dd533c14469",
            "dhcp_options_id": "dopt-0d62c577dfb0e59e5",
            "enable_dns_hostnames": true,
            "enable_dns_support": true,
            "enable_network_address_usage_metrics": false,
            "id": "vpc-028eba0d822f14500",
            "instance_tenancy": "default",
            "ipv4_ipam_pool_id": null,
            "ipv4_netmask_length": null,
            "ipv6_association_id": "",
            "ipv6_cidr_block": "",
            "ipv6_cidr_block_network_border_group": "",
            "ipv6_ipam_pool_id": "",
            "ipv6_netmask_length": 0,
            "main_route_table_id": "rtb-0ab22c15b16fca349",
            "owner_id": "210620017481",
            "tags": {
              "Name": "kr-carevo-dev-vpc",
              "name": "kr-carevo-dev-vpc"
            },
            "tags_all": {
              "Environment": "dev",
              "ManagedBy": "Terraform",
              "Name": "kr-carevo-dev-vpc",
              "Organization": "krypton",
              "Program": "carevo",
              "email": "vinasundar.aws@gmail.com",
              "name": "kr-carevo-dev-vpc"
            }
          },
          "sensitive_attributes": [],
          "identity_schema_version": 0,
          "private": "eyJzY2hlbWFfdmVyc2lvbiI6IjEifQ==",
          "dependencies": [
            "module.deploy-kr-vpc.data.aws_vpcs.existing"
          ]
        }
      ]
    }
  ],
  "check_results": [
    {
      "object_kind": "var",
      "config_addr": "var.auth_mode",
      "status": "pass",
      "objects": [
        {
          "object_addr": "var.auth_mode",
          "status": "pass"
        }
      ]
    },
    {
      "object_kind": "var",
      "config_addr": "var.subnets",
      "status": "pass",
      "objects": [
        {
          "object_addr": "var.subnets",
          "status": "pass"
        }
      ]
    }
  ]
}
